
Microsoft Visual Studio Solution File, Format Version 12.00
# Visual Studio Version 16
VisualStudioVersion = 16.0.30413.136
MinimumVisualStudioVersion = 10.0.40219.1
Project("{FAE04EC0-301F-11D3-BF4B-00C04F79EFBC}") = "Alarmer", "Alarmer.csproj", "{32EEA734-FBF0-4F2B-9D8D-B5F28DBC2648}"
EndProject
Global
	GlobalSection(SolutionConfigurationPlatforms) = preSolution
		Debug|Any CPU = Debug|Any CPU
		Release|Any CPU = Release|Any CPU
	EndGlobalSection
	GlobalSection(ProjectConfigurationPlatforms) = postSolution
		{32EEA734-FBF0-4F2B-9D8D-B5F28DBC2648}.Debug|Any CPU.ActiveCfg = Debug|Any CPU
		{32EEA734-FBF0-4F2B-9D8D-B5F28DBC2648}.Debug|Any CPU.Build.0 = Debug|Any CPU
		{32EEA734-FBF0-4F2B-9D8D-B5F28DBC2648}.Release|Any CPU.ActiveCfg = Release|Any CPU
		{32EEA734-FBF0-4F2B-9D8D-B5F28DBC2648}.Release|Any CPU.Build.0 = Release|Any CPU
	EndGlobalSection
	GlobalSection(SolutionProperties) = preSolution
		HideSolutionNode = FALSE
	EndGlobalSection
	GlobalSection(ExtensibilityGlobals) = postSolution
		SolutionGuid = {A43123ED-A51D-47AA-B61A-253C3C54D34C}
	EndGlobalSection
EndGlobal
